
Microsoft Visual Studio Solution File, Format Version 12.00
# Visual Studio Version 17
VisualStudioVersion = 17.1.31903.286
MinimumVisualStudioVersion = 10.0.40219.1
Project("{FAE04EC0-301F-11D3-BF4B-00C04F79EFBC}") = "HeadFirstObserverPatternSample", "HeadFirstObserverPatternSample.csproj", "{252D9602-78D0-49EB-BA6C-808EF0534D5D}"
EndProject
Global
	GlobalSection(SolutionConfigurationPlatforms) = preSolution
		Debug|Any CPU = Debug|Any CPU
		Release|Any CPU = Release|Any CPU
	EndGlobalSection
	GlobalSection(ProjectConfigurationPlatforms) = postSolution
		{252D9602-78D0-49EB-BA6C-808EF0534D5D}.Debug|Any CPU.ActiveCfg = Debug|Any CPU
		{252D9602-78D0-49EB-BA6C-808EF0534D5D}.Debug|Any CPU.Build.0 = Debug|Any CPU
		{252D9602-78D0-49EB-BA6C-808EF0534D5D}.Release|Any CPU.ActiveCfg = Release|Any CPU
		{252D9602-78D0-49EB-BA6C-808EF0534D5D}.Release|Any CPU.Build.0 = Release|Any CPU
	EndGlobalSection
	GlobalSection(SolutionProperties) = preSolution
		HideSolutionNode = FALSE
	EndGlobalSection
	GlobalSection(ExtensibilityGlobals) = postSolution
		SolutionGuid = {54AFBD9C-BD4E-4EBC-B9AD-FFBC2F216E9A}
	EndGlobalSection
EndGlobal
